
Microsoft Visual Studio Solution File, Format Version 12.00
# Visual Studio Version 17
VisualStudioVersion = 17.14.36310.24
MinimumVisualStudioVersion = 10.0.40219.1
Project("{888888A0-9F3D-457C-B088-3A5042F75D52}") = "EJKERCICIOS AAAAAAAAAAAA", "EJKERCICIOS AAAAAAAAAAAA.pyproj", "{5948260A-9975-4BEB-A0FD-DA21257BD11A}"
EndProject
Project("{FAE04EC0-301F-11D3-BF4B-00C04F79EFBC}") = "Semana1_C#", "..\..\Semana1_C#\Semana1_C#.csproj", "{7267724D-37AA-40EA-A277-7B2ACD4560A3}"
EndProject
Project("{888888A0-9F3D-457C-B088-3A5042F75D52}") = "semana5", "..\SEMANA 5\semana5\semana5.pyproj", "{5AA19CDD-CC06-4B34-B126-75680F1B3FA8}"
EndProject
Global
	GlobalSection(SolutionConfigurationPlatforms) = preSolution
		Debug|Any CPU = Debug|Any CPU
		Release|Any CPU = Release|Any CPU
	EndGlobalSection
	GlobalSection(ProjectConfigurationPlatforms) = postSolution
		{5948260A-9975-4BEB-A0FD-DA21257BD11A}.Debug|Any CPU.ActiveCfg = Debug|Any CPU
		{5948260A-9975-4BEB-A0FD-DA21257BD11A}.Release|Any CPU.ActiveCfg = Release|Any CPU
		{7267724D-37AA-40EA-A277-7B2ACD4560A3}.Debug|Any CPU.ActiveCfg = Debug|Any CPU
		{7267724D-37AA-40EA-A277-7B2ACD4560A3}.Debug|Any CPU.Build.0 = Debug|Any CPU
		{7267724D-37AA-40EA-A277-7B2ACD4560A3}.Release|Any CPU.ActiveCfg = Release|Any CPU
		{7267724D-37AA-40EA-A277-7B2ACD4560A3}.Release|Any CPU.Build.0 = Release|Any CPU
		{5AA19CDD-CC06-4B34-B126-75680F1B3FA8}.Debug|Any CPU.ActiveCfg = Debug|Any CPU
		{5AA19CDD-CC06-4B34-B126-75680F1B3FA8}.Release|Any CPU.ActiveCfg = Release|Any CPU
	EndGlobalSection
	GlobalSection(SolutionProperties) = preSolution
		HideSolutionNode = FALSE
	EndGlobalSection
	GlobalSection(ExtensibilityGlobals) = postSolution
		SolutionGuid = {8EF078A7-729E-4E79-A2CE-2080B5916F94}
	EndGlobalSection
EndGlobal
