
Microsoft Visual Studio Solution File, Format Version 12.00
# Visual Studio Version 17
VisualStudioVersion = 17.14.36310.24 d17.14
MinimumVisualStudioVersion = 10.0.40219.1
Project("{888888A0-9F3D-457C-B088-3A5042F75D52}") = "PythonApplication1", "PythonApplication1.pyproj", "{264E3874-1E80-4459-A6AB-B87B51316E62}"
EndProject
Project("{888888A0-9F3D-457C-B088-3A5042F75D52}") = "PythonApplication2", "..\PythonApplication2\PythonApplication2.pyproj", "{034272A5-8524-4BA8-920B-FE42EB7CB0DE}"
EndProject
Project("{888888A0-9F3D-457C-B088-3A5042F75D52}") = "PythonApplication3", "..\PythonApplication3\PythonApplication3.pyproj", "{EAA8DB34-9C3D-41B7-B169-D990608A378A}"
EndProject
Global
	GlobalSection(SolutionConfigurationPlatforms) = preSolution
		Debug|Any CPU = Debug|Any CPU
		Release|Any CPU = Release|Any CPU
	EndGlobalSection
	GlobalSection(ProjectConfigurationPlatforms) = postSolution
		{264E3874-1E80-4459-A6AB-B87B51316E62}.Debug|Any CPU.ActiveCfg = Debug|Any CPU
		{264E3874-1E80-4459-A6AB-B87B51316E62}.Release|Any CPU.ActiveCfg = Release|Any CPU
		{034272A5-8524-4BA8-920B-FE42EB7CB0DE}.Debug|Any CPU.ActiveCfg = Debug|Any CPU
		{034272A5-8524-4BA8-920B-FE42EB7CB0DE}.Release|Any CPU.ActiveCfg = Release|Any CPU
		{EAA8DB34-9C3D-41B7-B169-D990608A378A}.Debug|Any CPU.ActiveCfg = Debug|Any CPU
		{EAA8DB34-9C3D-41B7-B169-D990608A378A}.Release|Any CPU.ActiveCfg = Release|Any CPU
	EndGlobalSection
	GlobalSection(SolutionProperties) = preSolution
		HideSolutionNode = FALSE
	EndGlobalSection
	GlobalSection(ExtensibilityGlobals) = postSolution
		SolutionGuid = {19783F3E-8812-4DA4-87A9-7AC270292F2D}
	EndGlobalSection
EndGlobal
